
Microsoft Visual Studio Solution File, Format Version 12.00
Project("{FAE04EC0-301F-11D3-BF4B-00C04F79EFBC}") = "DictionaryOfTypes", "DictionaryOfTypes\DictionaryOfTypes.csproj", "{C9C96000-AE99-48FF-B0FB-27A41FF855BB}"
EndProject
Global
	GlobalSection(SolutionConfigurationPlatforms) = preSolution
		Debug|Any CPU = Debug|Any CPU
		Release|Any CPU = Release|Any CPU
	EndGlobalSection
	GlobalSection(ProjectConfigurationPlatforms) = postSolution
		{C9C96000-AE99-48FF-B0FB-27A41FF855BB}.Debug|Any CPU.ActiveCfg = Debug|Any CPU
		{C9C96000-AE99-48FF-B0FB-27A41FF855BB}.Debug|Any CPU.Build.0 = Debug|Any CPU
		{C9C96000-AE99-48FF-B0FB-27A41FF855BB}.Release|Any CPU.ActiveCfg = Release|Any CPU
		{C9C96000-AE99-48FF-B0FB-27A41FF855BB}.Release|Any CPU.Build.0 = Release|Any CPU
	EndGlobalSection
EndGlobal
